
Microsoft Visual Studio Solution File, Format Version 12.00
# Visual Studio Version 17
VisualStudioVersion = 17.5.33516.290
MinimumVisualStudioVersion = 10.0.40219.1
Project("{FAE04EC0-301F-11D3-BF4B-00C04F79EFBC}") = "Zlagoda", "Zlagoda\Zlagoda.csproj", "{14941A5B-BA93-470A-AC5E-AF44319BE63A}"
EndProject
Project("{FAE04EC0-301F-11D3-BF4B-00C04F79EFBC}") = "Zlagoda.Business", "Zlagoda.Business\Zlagoda.Business.csproj", "{BED63FD0-BFCB-40F8-B2DA-BA998B302A57}"
EndProject
Global
	GlobalSection(SolutionConfigurationPlatforms) = preSolution
		Debug|Any CPU = Debug|Any CPU
		Release|Any CPU = Release|Any CPU
	EndGlobalSection
	GlobalSection(ProjectConfigurationPlatforms) = postSolution
		{14941A5B-BA93-470A-AC5E-AF44319BE63A}.Debug|Any CPU.ActiveCfg = Debug|Any CPU
		{14941A5B-BA93-470A-AC5E-AF44319BE63A}.Debug|Any CPU.Build.0 = Debug|Any CPU
		{14941A5B-BA93-470A-AC5E-AF44319BE63A}.Release|Any CPU.ActiveCfg = Release|Any CPU
		{14941A5B-BA93-470A-AC5E-AF44319BE63A}.Release|Any CPU.Build.0 = Release|Any CPU
		{BED63FD0-BFCB-40F8-B2DA-BA998B302A57}.Debug|Any CPU.ActiveCfg = Debug|Any CPU
		{BED63FD0-BFCB-40F8-B2DA-BA998B302A57}.Debug|Any CPU.Build.0 = Debug|Any CPU
		{BED63FD0-BFCB-40F8-B2DA-BA998B302A57}.Release|Any CPU.ActiveCfg = Release|Any CPU
		{BED63FD0-BFCB-40F8-B2DA-BA998B302A57}.Release|Any CPU.Build.0 = Release|Any CPU
	EndGlobalSection
	GlobalSection(SolutionProperties) = preSolution
		HideSolutionNode = FALSE
	EndGlobalSection
	GlobalSection(ExtensibilityGlobals) = postSolution
		SolutionGuid = {8C95A326-AE67-44EC-BB65-36B85A0601BE}
	EndGlobalSection
EndGlobal
